
Microsoft Visual Studio Solution File, Format Version 12.00
# Visual Studio Version 16
VisualStudioVersion = 16.0.31402.337
MinimumVisualStudioVersion = 10.0.40219.1
Project("{9092AA53-FB77-4645-B42D-1CCCA6BD08BD}") = "CDAF", "CDAF.njsproj", "{80636E8F-D950-4776-8720-7F111698EC69}"
EndProject
Global
	GlobalSection(SolutionConfigurationPlatforms) = preSolution
		Debug|Any CPU = Debug|Any CPU
		Release|Any CPU = Release|Any CPU
	EndGlobalSection
	GlobalSection(ProjectConfigurationPlatforms) = postSolution
		{80636E8F-D950-4776-8720-7F111698EC69}.Debug|Any CPU.ActiveCfg = Debug|Any CPU
		{80636E8F-D950-4776-8720-7F111698EC69}.Debug|Any CPU.Build.0 = Debug|Any CPU
		{80636E8F-D950-4776-8720-7F111698EC69}.Release|Any CPU.ActiveCfg = Release|Any CPU
		{80636E8F-D950-4776-8720-7F111698EC69}.Release|Any CPU.Build.0 = Release|Any CPU
	EndGlobalSection
	GlobalSection(SolutionProperties) = preSolution
		HideSolutionNode = FALSE
	EndGlobalSection
	GlobalSection(ExtensibilityGlobals) = postSolution
		SolutionGuid = {83D917BA-4F1C-4663-AACA-D3534A45683E}
	EndGlobalSection
EndGlobal
